// !$*UTF8*$!
{
	archiveVersion = 1;
	classes = {
	};
	objectVersion = 51;
	objects = {

/* Begin PBXBuildFile section */
		4F4C21FFF688BC9297E98DE4 /* Pods_HelloW_SwiftUI.framework in Frameworks */ = {isa = PBXBuildFile; fileRef = 57D1755EA571F2FFE5207EB8 /* Pods_HelloW_SwiftUI.framework */; };
		6BCCC00324A9AE1D00BE6896 /* AppDelegate.swift in Sources */ = {isa = PBXBuildFile; fileRef = 6BCCC00224A9AE1D00BE6896 /* AppDelegate.swift */; };
		6BCCC00524A9AE1D00BE6896 /* SceneDelegate.swift in Sources */ = {isa = PBXBuildFile; fileRef = 6BCCC00424A9AE1D00BE6896 /* SceneDelegate.swift */; };
		6BCCC00724A9AE1D00BE6896 /* ContentView.swift in Sources */ = {isa = PBXBuildFile; fileRef = 6BCCC00624A9AE1D00BE6896 /* ContentView.swift */; };
		6BCCC00924A9AE1E00BE6896 /* Assets.xcassets in Resources */ = {isa = PBXBuildFile; fileRef = 6BCCC00824A9AE1E00BE6896 /* Assets.xcassets */; };
		6BCCC00C24A9AE1E00BE6896 /* Preview Assets.xcassets in Resources */ = {isa = PBXBuildFile; fileRef = 6BCCC00B24A9AE1E00BE6896 /* Preview Assets.xcassets */; };
		6BCCC00F24A9AE1E00BE6896 /* LaunchScreen.storyboard in Resources */ = {isa = PBXBuildFile; fileRef = 6BCCC00D24A9AE1E00BE6896 /* LaunchScreen.storyboard */; };
		6BCCC01A24A9AE1F00BE6896 /* HelloW_SwiftUITests.swift in Sources */ = {isa = PBXBuildFile; fileRef = 6BCCC01924A9AE1F00BE6896 /* HelloW_SwiftUITests.swift */; };
		6BCCC02524A9AE1F00BE6896 /* HelloW_SwiftUIUITests.swift in Sources */ = {isa = PBXBuildFile; fileRef = 6BCCC02424A9AE1F00BE6896 /* HelloW_SwiftUIUITests.swift */; };
		6BCCC03324A9C65500BE6896 /* RootView.swift in Sources */ = {isa = PBXBuildFile; fileRef = 6BCCC03224A9C65500BE6896 /* RootView.swift */; };
		6BCCC03724A9EB7B00BE6896 /* VideoPlayer.swift in Sources */ = {isa = PBXBuildFile; fileRef = 6BCCC03624A9EB7B00BE6896 /* VideoPlayer.swift */; };
/* End PBXBuildFile section */

/* Begin PBXContainerItemProxy section */
		6BCCC01624A9AE1F00BE6896 /* PBXContainerItemProxy */ = {
			isa = PBXContainerItemProxy;
			containerPortal = 6BCCBFF724A9AE1D00BE6896 /* Project object */;
			proxyType = 1;
			remoteGlobalIDString = 6BCCBFFE24A9AE1D00BE6896;
			remoteInfo = "HelloW-SwiftUI";
		};
		6BCCC02124A9AE1F00BE6896 /* PBXContainerItemProxy */ = {
			isa = PBXContainerItemProxy;
			containerPortal = 6BCCBFF724A9AE1D00BE6896 /* Project object */;
			proxyType = 1;
			remoteGlobalIDString = 6BCCBFFE24A9AE1D00BE6896;
			remoteInfo = "HelloW-SwiftUI";
		};
/* End PBXContainerItemProxy section */

/* Begin PBXFileReference section */
		09BB6E0E796DC1CA20E991D4 /* Pods-HelloW-SwiftUI.release.xcconfig */ = {isa = PBXFileReference; includeInIndex = 1; lastKnownFileType = text.xcconfig; name = "Pods-HelloW-SwiftUI.release.xcconfig"; path = "Target Support Files/Pods-HelloW-SwiftUI/Pods-HelloW-SwiftUI.release.xcconfig"; sourceTree = "<group>"; };
		57D1755EA571F2FFE5207EB8 /* Pods_HelloW_SwiftUI.framework */ = {isa = PBXFileReference; explicitFileType = wrapper.framework; includeInIndex = 0; path = Pods_HelloW_SwiftUI.framework; sourceTree = BUILT_PRODUCTS_DIR; };
		6BCCBFFF24A9AE1D00BE6896 /* HelloW-SwiftUI.app */ = {isa = PBXFileReference; explicitFileType = wrapper.application; includeInIndex = 0; path = "HelloW-SwiftUI.app"; sourceTree = BUILT_PRODUCTS_DIR; };
		6BCCC00224A9AE1D00BE6896 /* AppDelegate.swift */ = {isa = PBXFileReference; lastKnownFileType = sourcecode.swift; path = AppDelegate.swift; sourceTree = "<group>"; };
		6BCCC00424A9AE1D00BE6896 /* SceneDelegate.swift */ = {isa = PBXFileReference; lastKnownFileType = sourcecode.swift; path = SceneDelegate.swift; sourceTree = "<group>"; };
		6BCCC00624A9AE1D00BE6896 /* ContentView.swift */ = {isa = PBXFileReference; lastKnownFileType = sourcecode.swift; path = ContentView.swift; sourceTree = "<group>"; };
		6BCCC00824A9AE1E00BE6896 /* Assets.xcassets */ = {isa = PBXFileReference; lastKnownFileType = folder.assetcatalog; path = Assets.xcassets; sourceTree = "<group>"; };
		6BCCC00B24A9AE1E00BE6896 /* Preview Assets.xcassets */ = {isa = PBXFileReference; lastKnownFileType = folder.assetcatalog; path = "Preview Assets.xcassets"; sourceTree = "<group>"; };
		6BCCC00E24A9AE1E00BE6896 /* Base */ = {isa = PBXFileReference; lastKnownFileType = file.storyboard; name = Base; path = Base.lproj/LaunchScreen.storyboard; sourceTree = "<group>"; };
		6BCCC01024A9AE1E00BE6896 /* Info.plist */ = {isa = PBXFileReference; lastKnownFileType = text.plist.xml; path = Info.plist; sourceTree = "<group>"; };
		6BCCC01524A9AE1F00BE6896 /* HelloW-SwiftUITests.xctest */ = {isa = PBXFileReference; explicitFileType = wrapper.cfbundle; includeInIndex = 0; path = "HelloW-SwiftUITests.xctest"; sourceTree = BUILT_PRODUCTS_DIR; };
		6BCCC01924A9AE1F00BE6896 /* HelloW_SwiftUITests.swift */ = {isa = PBXFileReference; lastKnownFileType = sourcecode.swift; path = HelloW_SwiftUITests.swift; sourceTree = "<group>"; };
		6BCCC01B24A9AE1F00BE6896 /* Info.plist */ = {isa = PBXFileReference; lastKnownFileType = text.plist.xml; path = Info.plist; sourceTree = "<group>"; };
		6BCCC02024A9AE1F00BE6896 /* HelloW-SwiftUIUITests.xctest */ = {isa = PBXFileReference; explicitFileType = wrapper.cfbundle; includeInIndex = 0; path = "HelloW-SwiftUIUITests.xctest"; sourceTree = BUILT_PRODUCTS_DIR; };
		6BCCC02424A9AE1F00BE6896 /* HelloW_SwiftUIUITests.swift */ = {isa = PBXFileReference; lastKnownFileType = sourcecode.swift; path = HelloW_SwiftUIUITests.swift; sourceTree = "<group>"; };
		6BCCC02624A9AE1F00BE6896 /* Info.plist */ = {isa = PBXFileReference; lastKnownFileType = text.plist.xml; path = Info.plist; sourceTree = "<group>"; };
		6BCCC03224A9C65500BE6896 /* RootView.swift */ = {isa = PBXFileReference; lastKnownFileType = sourcecode.swift; path = RootView.swift; sourceTree = "<group>"; };
		6BCCC03624A9EB7B00BE6896 /* VideoPlayer.swift */ = {isa = PBXFileReference; lastKnownFileType = sourcecode.swift; path = VideoPlayer.swift; sourceTree = "<group>"; };
		8555E40B3BCF265C4BF43610 /* Pods-HelloW-SwiftUI.debug.xcconfig */ = {isa = PBXFileReference; includeInIndex = 1; lastKnownFileType = text.xcconfig; name = "Pods-HelloW-SwiftUI.debug.xcconfig"; path = "Target Support Files/Pods-HelloW-SwiftUI/Pods-HelloW-SwiftUI.debug.xcconfig"; sourceTree = "<group>"; };
/* End PBXFileReference section */

/* Begin PBXFrameworksBuildPhase section */
		6BCCBFFC24A9AE1D00BE6896 /* Frameworks */ = {
			isa = PBXFrameworksBuildPhase;
			buildActionMask = 2147483647;
			files = (
				4F4C21FFF688BC9297E98DE4 /* Pods_HelloW_SwiftUI.framework in Frameworks */,
			);
			runOnlyForDeploymentPostprocessing = 0;
		};
		6BCCC01224A9AE1F00BE6896 /* Frameworks */ = {
			isa = PBXFrameworksBuildPhase;
			buildActionMask = 2147483647;
			files = (
			);
			runOnlyForDeploymentPostprocessing = 0;
		};
		6BCCC01D24A9AE1F00BE6896 /* Frameworks */ = {
			isa = PBXFrameworksBuildPhase;
			buildActionMask = 2147483647;
			files = (
			);
			runOnlyForDeploymentPostprocessing = 0;
		};
/* End PBXFrameworksBuildPhase section */

/* Begin PBXGroup section */
		124C343D7F504E4947E51B9E /* Frameworks */ = {
			isa = PBXGroup;
			children = (
				57D1755EA571F2FFE5207EB8 /* Pods_HelloW_SwiftUI.framework */,
			);
			name = Frameworks;
			sourceTree = "<group>";
		};
		6BCCBFF624A9AE1D00BE6896 = {
			isa = PBXGroup;
			children = (
				6BCCC00124A9AE1D00BE6896 /* HelloW-SwiftUI */,
				6BCCC01824A9AE1F00BE6896 /* HelloW-SwiftUITests */,
				6BCCC02324A9AE1F00BE6896 /* HelloW-SwiftUIUITests */,
				6BCCC00024A9AE1D00BE6896 /* Products */,
				7F4B10022AF19877D60945A8 /* Pods */,
				124C343D7F504E4947E51B9E /* Frameworks */,
			);
			sourceTree = "<group>";
		};
		6BCCC00024A9AE1D00BE6896 /* Products */ = {
			isa = PBXGroup;
			children = (
				6BCCBFFF24A9AE1D00BE6896 /* HelloW-SwiftUI.app */,
				6BCCC01524A9AE1F00BE6896 /* HelloW-SwiftUITests.xctest */,
				6BCCC02024A9AE1F00BE6896 /* HelloW-SwiftUIUITests.xctest */,
			);
			name = Products;
			sourceTree = "<group>";
		};
		6BCCC00124A9AE1D00BE6896 /* HelloW-SwiftUI */ = {
			isa = PBXGroup;
			children = (
				6BCCC00224A9AE1D00BE6896 /* AppDelegate.swift */,
				6BCCC00424A9AE1D00BE6896 /* SceneDelegate.swift */,
				6BCCC00624A9AE1D00BE6896 /* ContentView.swift */,
				6BCCC03624A9EB7B00BE6896 /* VideoPlayer.swift */,
				6BCCC03224A9C65500BE6896 /* RootView.swift */,
				6BCCC00824A9AE1E00BE6896 /* Assets.xcassets */,
				6BCCC00D24A9AE1E00BE6896 /* LaunchScreen.storyboard */,
				6BCCC01024A9AE1E00BE6896 /* Info.plist */,
				6BCCC00A24A9AE1E00BE6896 /* Preview Content */,
			);
			path = "HelloW-SwiftUI";
			sourceTree = "<group>";
		};
		6BCCC00A24A9AE1E00BE6896 /* Preview Content */ = {
			isa = PBXGroup;
			children = (
				6BCCC00B24A9AE1E00BE6896 /* Preview Assets.xcassets */,
			);
			path = "Preview Content";
			sourceTree = "<group>";
		};
		6BCCC01824A9AE1F00BE6896 /* HelloW-SwiftUITests */ = {
			isa = PBXGroup;
			children = (
				6BCCC01924A9AE1F00BE6896 /* HelloW_SwiftUITests.swift */,
				6BCCC01B24A9AE1F00BE6896 /* Info.plist */,
			);
			path = "HelloW-SwiftUITests";
			sourceTree = "<group>";
		};
		6BCCC02324A9AE1F00BE6896 /* HelloW-SwiftUIUITests */ = {
			isa = PBXGroup;
			children = (
				6BCCC02424A9AE1F00BE6896 /* HelloW_SwiftUIUITests.swift */,
				6BCCC02624A9AE1F00BE6896 /* Info.plist */,
			);
			path = "HelloW-SwiftUIUITests";
			sourceTree = "<group>";
		};
		7F4B10022AF19877D60945A8 /* Pods */ = {
			isa = PBXGroup;
			children = (
				8555E40B3BCF265C4BF43610 /* Pods-HelloW-SwiftUI.debug.xcconfig */,
				09BB6E0E796DC1CA20E991D4 /* Pods-HelloW-SwiftUI.release.xcconfig */,
			);
			path = Pods;
			sourceTree = "<group>";
		};
/* End PBXGroup section */

/* Begin PBXNativeTarget section */
		6BCCBFFE24A9AE1D00BE6896 /* HelloW-SwiftUI */ = {
			isa = PBXNativeTarget;
			buildConfigurationList = 6BCCC02924A9AE1F00BE6896 /* Build configuration list for PBXNativeTarget "HelloW-SwiftUI" */;
			buildPhases = (
				9C2BA09829C893CDB079E730 /* [CP] Check Pods Manifest.lock */,
				6BCCBFFB24A9AE1D00BE6896 /* Sources */,
				6BCCBFFC24A9AE1D00BE6896 /* Frameworks */,
				6BCCBFFD24A9AE1D00BE6896 /* Resources */,
				B0A3A4B492960982CA12C1EF /* [CP] Embed Pods Frameworks */,
			);
			buildRules = (
			);
			dependencies = (
			);
			name = "HelloW-SwiftUI";
			productName = "HelloW-SwiftUI";
			productReference = 6BCCBFFF24A9AE1D00BE6896 /* HelloW-SwiftUI.app */;
			productType = "com.apple.product-type.application";
		};
		6BCCC01424A9AE1F00BE6896 /* HelloW-SwiftUITests */ = {
			isa = PBXNativeTarget;
			buildConfigurationList = 6BCCC02C24A9AE1F00BE6896 /* Build configuration list for PBXNativeTarget "HelloW-SwiftUITests" */;
			buildPhases = (
				6BCCC01124A9AE1F00BE6896 /* Sources */,
				6BCCC01224A9AE1F00BE6896 /* Frameworks */,
				6BCCC01324A9AE1F00BE6896 /* Resources */,
			);
			buildRules = (
			);
			dependencies = (
				6BCCC01724A9AE1F00BE6896 /* PBXTargetDependency */,
			);
			name = "HelloW-SwiftUITests";
			productName = "HelloW-SwiftUITests";
			productReference = 6BCCC01524A9AE1F00BE6896 /* HelloW-SwiftUITests.xctest */;
			productType = "com.apple.product-type.bundle.unit-test";
		};
		6BCCC01F24A9AE1F00BE6896 /* HelloW-SwiftUIUITests */ = {
			isa = PBXNativeTarget;
			buildConfigurationList = 6BCCC02F24A9AE1F00BE6896 /* Build configuration list for PBXNativeTarget "HelloW-SwiftUIUITests" */;
			buildPhases = (
				6BCCC01C24A9AE1F00BE6896 /* Sources */,
				6BCCC01D24A9AE1F00BE6896 /* Frameworks */,
				6BCCC01E24A9AE1F00BE6896 /* Resources */,
			);
			buildRules = (
			);
			dependencies = (
				6BCCC02224A9AE1F00BE6896 /* PBXTargetDependency */,
			);
			name = "HelloW-SwiftUIUITests";
			productName = "HelloW-SwiftUIUITests";
			productReference = 6BCCC02024A9AE1F00BE6896 /* HelloW-SwiftUIUITests.xctest */;
			productType = "com.apple.product-type.bundle.ui-testing";
		};
/* End PBXNativeTarget section */

/* Begin PBXProject section */
		6BCCBFF724A9AE1D00BE6896 /* Project object */ = {
			isa = PBXProject;
			attributes = {
				LastSwiftUpdateCheck = 1150;
				LastUpgradeCheck = 1150;
				ORGANIZATIONNAME = ronzhang;
				TargetAttributes = {
					6BCCBFFE24A9AE1D00BE6896 = {
						CreatedOnToolsVersion = 11.5;
					};
					6BCCC01424A9AE1F00BE6896 = {
						CreatedOnToolsVersion = 11.5;
						TestTargetID = 6BCCBFFE24A9AE1D00BE6896;
					};
					6BCCC01F24A9AE1F00BE6896 = {
						CreatedOnToolsVersion = 11.5;
						TestTargetID = 6BCCBFFE24A9AE1D00BE6896;
					};
				};
			};
			buildConfigurationList = 6BCCBFFA24A9AE1D00BE6896 /* Build configuration list for PBXProject "HelloW-SwiftUI" */;
			compatibilityVersion = "Xcode 9.3";
			developmentRegion = en;
			hasScannedForEncodings = 0;
			knownRegions = (
				en,
				Base,
			);
			mainGroup = 6BCCBFF624A9AE1D00BE6896;
			productRefGroup = 6BCCC00024A9AE1D00BE6896 /* Products */;
			projectDirPath = "";
			projectRoot = "";
			targets = (
				6BCCBFFE24A9AE1D00BE6896 /* HelloW-SwiftUI */,
				6BCCC01424A9AE1F00BE6896 /* HelloW-SwiftUITests */,
				6BCCC01F24A9AE1F00BE6896 /* HelloW-SwiftUIUITests */,
			);
		};
/* End PBXProject section */

/* Begin PBXResourcesBuildPhase section */
		6BCCBFFD24A9AE1D00BE6896 /* Resources */ = {
			isa = PBXResourcesBuildPhase;
			buildActionMask = 2147483647;
			files = (
				6BCCC00F24A9AE1E00BE6896 /* LaunchScreen.storyboard in Resources */,
				6BCCC00C24A9AE1E00BE6896 /* Preview Assets.xcassets in Resources */,
				6BCCC00924A9AE1E00BE6896 /* Assets.xcassets in Resources */,
			);
			runOnlyForDeploymentPostprocessing = 0;
		};
		6BCCC01324A9AE1F00BE6896 /* Resources */ = {
			isa = PBXResourcesBuildPhase;
			buildActionMask = 2147483647;
			files = (
			);
			runOnlyForDeploymentPostprocessing = 0;
		};
		6BCCC01E24A9AE1F00BE6896 /* Resources */ = {
			isa = PBXResourcesBuildPhase;
			buildActionMask = 2147483647;
			files = (
			);
			runOnlyForDeploymentPostprocessing = 0;
		};
/* End PBXResourcesBuildPhase section */

/* Begin PBXShellScriptBuildPhase section */
		9C2BA09829C893CDB079E730 /* [CP] Check Pods Manifest.lock */ = {
			isa = PBXShellScriptBuildPhase;
			buildActionMask = 2147483647;
			files = (
			);
			inputFileListPaths = (
			);
			inputPaths = (
				"${PODS_PODFILE_DIR_PATH}/Podfile.lock",
				"${PODS_ROOT}/Manifest.lock",
			);
			name = "[CP] Check Pods Manifest.lock";
			outputFileListPaths = (
			);
			outputPaths = (
				"$(DERIVED_FILE_DIR)/Pods-HelloW-SwiftUI-checkManifestLockResult.txt",
			);
			runOnlyForDeploymentPostprocessing = 0;
			shellPath = /bin/sh;
			shellScript = "diff \"${PODS_PODFILE_DIR_PATH}/Podfile.lock\" \"${PODS_ROOT}/Manifest.lock\" > /dev/null\nif [ $? != 0 ] ; then\n    # print error to STDERR\n    echo \"error: The sandbox is not in sync with the Podfile.lock. Run 'pod install' or update your CocoaPods installation.\" >&2\n    exit 1\nfi\n# This output is used by Xcode 'outputs' to avoid re-running this script phase.\necho \"SUCCESS\" > \"${SCRIPT_OUTPUT_FILE_0}\"\n";
			showEnvVarsInLog = 0;
		};
		B0A3A4B492960982CA12C1EF /* [CP] Embed Pods Frameworks */ = {
			isa = PBXShellScriptBuildPhase;
			buildActionMask = 2147483647;
			files = (
			);
			inputFileListPaths = (
				"${PODS_ROOT}/Target Support Files/Pods-HelloW-SwiftUI/Pods-HelloW-SwiftUI-frameworks-${CONFIGURATION}-input-files.xcfilelist",
			);
			name = "[CP] Embed Pods Frameworks";
			outputFileListPaths = (
				"${PODS_ROOT}/Target Support Files/Pods-HelloW-SwiftUI/Pods-HelloW-SwiftUI-frameworks-${CONFIGURATION}-output-files.xcfilelist",
			);
			runOnlyForDeploymentPostprocessing = 0;
			shellPath = /bin/sh;
			shellScript = "\"${PODS_ROOT}/Target Support Files/Pods-HelloW-SwiftUI/Pods-HelloW-SwiftUI-frameworks.sh\"\n";
			showEnvVarsInLog = 0;
		};
/* End PBXShellScriptBuildPhase section */

/* Begin PBXSourcesBuildPhase section */
		6BCCBFFB24A9AE1D00BE6896 /* Sources */ = {
			isa = PBXSourcesBuildPhase;
			buildActionMask = 2147483647;
			files = (
				6BCCC03324A9C65500BE6896 /* RootView.swift in Sources */,
				6BCCC03724A9EB7B00BE6896 /* VideoPlayer.swift in Sources */,
				6BCCC00324A9AE1D00BE6896 /* AppDelegate.swift in Sources */,
				6BCCC00524A9AE1D00BE6896 /* SceneDelegate.swift in Sources */,
				6BCCC00724A9AE1D00BE6896 /* ContentView.swift in Sources */,
			);
			runOnlyForDeploymentPostprocessing = 0;
		};
		6BCCC01124A9AE1F00BE6896 /* Sources */ = {
			isa = PBXSourcesBuildPhase;
			buildActionMask = 2147483647;
			files = (
				6BCCC01A24A9AE1F00BE6896 /* HelloW_SwiftUITests.swift in Sources */,
			);
			runOnlyForDeploymentPostprocessing = 0;
		};
		6BCCC01C24A9AE1F00BE6896 /* Sources */ = {
			isa = PBXSourcesBuildPhase;
			buildActionMask = 2147483647;
			files = (
				6BCCC02524A9AE1F00BE6896 /* HelloW_SwiftUIUITests.swift in Sources */,
			);
			runOnlyForDeploymentPostprocessing = 0;
		};
/* End PBXSourcesBuildPhase section */

/* Begin PBXTargetDependency section */
		6BCCC01724A9AE1F00BE6896 /* PBXTargetDependency */ = {
			isa = PBXTargetDependency;
			target = 6BCCBFFE24A9AE1D00BE6896 /* HelloW-SwiftUI */;
			targetProxy = 6BCCC01624A9AE1F00BE6896 /* PBXContainerItemProxy */;
		};
		6BCCC02224A9AE1F00BE6896 /* PBXTargetDependency */ = {
			isa = PBXTargetDependency;
			target = 6BCCBFFE24A9AE1D00BE6896 /* HelloW-SwiftUI */;
			targetProxy = 6BCCC02124A9AE1F00BE6896 /* PBXContainerItemProxy */;
		};
/* End PBXTargetDependency section */

/* Begin PBXVariantGroup section */
		6BCCC00D24A9AE1E00BE6896 /* LaunchScreen.storyboard */ = {
			isa = PBXVariantGroup;
			children = (
				6BCCC00E24A9AE1E00BE6896 /* Base */,
			);
			name = LaunchScreen.storyboard;
			sourceTree = "<group>";
		};
/* End PBXVariantGroup section */

/* Begin XCBuildConfiguration section */
		6BCCC02724A9AE1F00BE6896 /* Debug */ = {
			isa = XCBuildConfiguration;
			buildSettings = {
				ALWAYS_SEARCH_USER_PATHS = NO;
				CLANG_ANALYZER_NONNULL = YES;
				CLANG_ANALYZER_NUMBER_OBJECT_CONVERSION = YES_AGGRESSIVE;
				CLANG_CXX_LANGUAGE_STANDARD = "gnu++14";
				CLANG_CXX_LIBRARY = "libc++";
				CLANG_ENABLE_MODULES = YES;
				CLANG_ENABLE_OBJC_ARC = YES;
				CLANG_ENABLE_OBJC_WEAK = YES;
				CLANG_WARN_BLOCK_CAPTURE_AUTORELEASING = YES;
				CLANG_WARN_BOOL_CONVERSION = YES;
				CLANG_WARN_COMMA = YES;
				CLANG_WARN_CONSTANT_CONVERSION = YES;
				CLANG_WARN_DEPRECATED_OBJC_IMPLEMENTATIONS = YES;
				CLANG_WARN_DIRECT_OBJC_ISA_USAGE = YES_ERROR;
				CLANG_WARN_DOCUMENTATION_COMMENTS = YES;
				CLANG_WARN_EMPTY_BODY = YES;
				CLANG_WARN_ENUM_CONVERSION = YES;
				CLANG_WARN_INFINITE_RECURSION = YES;
				CLANG_WARN_INT_CONVERSION = YES;
				CLANG_WARN_NON_LITERAL_NULL_CONVERSION = YES;
				CLANG_WARN_OBJC_IMPLICIT_RETAIN_SELF = YES;
				CLANG_WARN_OBJC_LITERAL_CONVERSION = YES;
				CLANG_WARN_OBJC_ROOT_CLASS = YES_ERROR;
				CLANG_WARN_RANGE_LOOP_ANALYSIS = YES;
				CLANG_WARN_STRICT_PROTOTYPES = YES;
				CLANG_WARN_SUSPICIOUS_MOVE = YES;
				CLANG_WARN_UNGUARDED_AVAILABILITY = YES_AGGRESSIVE;
				CLANG_WARN_UNREACHABLE_CODE = YES;
				CLANG_WARN__DUPLICATE_METHOD_MATCH = YES;
				COPY_PHASE_STRIP = NO;
				DEBUG_INFORMATION_FORMAT = dwarf;
				ENABLE_STRICT_OBJC_MSGSEND = YES;
				ENABLE_TESTABILITY = YES;
				GCC_C_LANGUAGE_STANDARD = gnu11;
				GCC_DYNAMIC_NO_PIC = NO;
				GCC_NO_COMMON_BLOCKS = YES;
				GCC_OPTIMIZATION_LEVEL = 0;
				GCC_PREPROCESSOR_DEFINITIONS = (
					"DEBUG=1",
					"$(inherited)",
				);
				GCC_WARN_64_TO_32_BIT_CONVERSION = YES;
				GCC_WARN_ABOUT_RETURN_TYPE = YES_ERROR;
				GCC_WARN_UNDECLARED_SELECTOR = YES;
				GCC_WARN_UNINITIALIZED_AUTOS = YES_AGGRESSIVE;
				GCC_WARN_UNUSED_FUNCTION = YES;
				GCC_WARN_UNUSED_VARIABLE = YES;
				IPHONEOS_DEPLOYMENT_TARGET = 13.2;
				MTL_ENABLE_DEBUG_INFO = INCLUDE_SOURCE;
				MTL_FAST_MATH = YES;
				ONLY_ACTIVE_ARCH = YES;
				SDKROOT = iphoneos;
				SWIFT_ACTIVE_COMPILATION_CONDITIONS = DEBUG;
				SWIFT_OPTIMIZATION_LEVEL = "-Onone";
			};
			name = Debug;
		};
		6BCCC02824A9AE1F00BE6896 /* Release */ = {
			isa = XCBuildConfiguration;
			buildSettings = {
				ALWAYS_SEARCH_USER_PATHS = NO;
				CLANG_ANALYZER_NONNULL = YES;
				CLANG_ANALYZER_NUMBER_OBJECT_CONVERSION = YES_AGGRESSIVE;
				CLANG_CXX_LANGUAGE_STANDARD = "gnu++14";
				CLANG_CXX_LIBRARY = "libc++";
				CLANG_ENABLE_MODULES = YES;
				CLANG_ENABLE_OBJC_ARC = YES;
				CLANG_ENABLE_OBJC_WEAK = YES;
				CLANG_WARN_BLOCK_CAPTURE_AUTORELEASING = YES;
				CLANG_WARN_BOOL_CONVERSION = YES;
				CLANG_WARN_COMMA = YES;
				CLANG_WARN_CONSTANT_CONVERSION = YES;
				CLANG_WARN_DEPRECATED_OBJC_IMPLEMENTATIONS = YES;
				CLANG_WARN_DIRECT_OBJC_ISA_USAGE = YES_ERROR;
				CLANG_WARN_DOCUMENTATION_COMMENTS = YES;
				CLANG_WARN_EMPTY_BODY = YES;
				CLANG_WARN_ENUM_CONVERSION = YES;
				CLANG_WARN_INFINITE_RECURSION = YES;
				CLANG_WARN_INT_CONVERSION = YES;
				CLANG_WARN_NON_LITERAL_NULL_CONVERSION = YES;
				CLANG_WARN_OBJC_IMPLICIT_RETAIN_SELF = YES;
				CLANG_WARN_OBJC_LITERAL_CONVERSION = YES;
				CLANG_WARN_OBJC_ROOT_CLASS = YES_ERROR;
				CLANG_WARN_RANGE_LOOP_ANALYSIS = YES;
				CLANG_WARN_STRICT_PROTOTYPES = YES;
				CLANG_WARN_SUSPICIOUS_MOVE = YES;
				CLANG_WARN_UNGUARDED_AVAILABILITY = YES_AGGRESSIVE;
				CLANG_WARN_UNREACHABLE_CODE = YES;
				CLANG_WARN__DUPLICATE_METHOD_MATCH = YES;
				COPY_PHASE_STRIP = NO;
				DEBUG_INFORMATION_FORMAT = "dwarf-with-dsym";
				ENABLE_NS_ASSERTIONS = NO;
				ENABLE_STRICT_OBJC_MSGSEND = YES;
				GCC_C_LANGUAGE_STANDARD = gnu11;
				GCC_NO_COMMON_BLOCKS = YES;
				GCC_WARN_64_TO_32_BIT_CONVERSION = YES;
				GCC_WARN_ABOUT_RETURN_TYPE = YES_ERROR;
				GCC_WARN_UNDECLARED_SELECTOR = YES;
				GCC_WARN_UNINITIALIZED_AUTOS = YES_AGGRESSIVE;
				GCC_WARN_UNUSED_FUNCTION = YES;
				GCC_WARN_UNUSED_VARIABLE = YES;
				IPHONEOS_DEPLOYMENT_TARGET = 13.2;
				MTL_ENABLE_DEBUG_INFO = NO;
				MTL_FAST_MATH = YES;
				SDKROOT = iphoneos;
				SWIFT_COMPILATION_MODE = wholemodule;
				SWIFT_OPTIMIZATION_LEVEL = "-O";
				VALIDATE_PRODUCT = YES;
			};
			name = Release;
		};
		6BCCC02A24A9AE1F00BE6896 /* Debug */ = {
			isa = XCBuildConfiguration;
			baseConfigurationReference = 8555E40B3BCF265C4BF43610 /* Pods-HelloW-SwiftUI.debug.xcconfig */;
			buildSettings = {
				ASSETCATALOG_COMPILER_APPICON_NAME = AppIcon;
				CODE_SIGN_STYLE = Automatic;
				DEVELOPMENT_ASSET_PATHS = "\"HelloW-SwiftUI/Preview Content\"";
				DEVELOPMENT_TEAM = M6BPJJTWKQ;
				ENABLE_PREVIEWS = YES;
				INFOPLIST_FILE = "HelloW-SwiftUI/Info.plist";
				LD_RUNPATH_SEARCH_PATHS = (
					"$(inherited)",
					"@executable_path/Frameworks",
				);
				PRODUCT_BUNDLE_IDENTIFIER = "chison.com.HelloW-SwiftUI";
				PRODUCT_NAME = "$(TARGET_NAME)";
				SWIFT_VERSION = 5.0;
				TARGETED_DEVICE_FAMILY = "1,2";
			};
			name = Debug;
		};
		6BCCC02B24A9AE1F00BE6896 /* Release */ = {
			isa = XCBuildConfiguration;
			baseConfigurationReference = 09BB6E0E796DC1CA20E991D4 /* Pods-HelloW-SwiftUI.release.xcconfig */;
			buildSettings = {
				ASSETCATALOG_COMPILER_APPICON_NAME = AppIcon;
				CODE_SIGN_STYLE = Automatic;
				DEVELOPMENT_ASSET_PATHS = "\"HelloW-SwiftUI/Preview Content\"";
				DEVELOPMENT_TEAM = M6BPJJTWKQ;
				ENABLE_PREVIEWS = YES;
				INFOPLIST_FILE = "HelloW-SwiftUI/Info.plist";
				LD_RUNPATH_SEARCH_PATHS = (
					"$(inherited)",
					"@executable_path/Frameworks",
				);
				PRODUCT_BUNDLE_IDENTIFIER = "chison.com.HelloW-SwiftUI";
				PRODUCT_NAME = "$(TARGET_NAME)";
				SWIFT_VERSION = 5.0;
				TARGETED_DEVICE_FAMILY = "1,2";
			};
			name = Release;
		};
		6BCCC02D24A9AE1F00BE6896 /* Debug */ = {
			isa = XCBuildConfiguration;
			buildSettings = {
				ALWAYS_EMBED_SWIFT_STANDARD_LIBRARIES = YES;
				BUNDLE_LOADER = "$(TEST_HOST)";
				CODE_SIGN_STYLE = Automatic;
				DEVELOPMENT_TEAM = M6BPJJTWKQ;
				INFOPLIST_FILE = "HelloW-SwiftUITests/Info.plist";
				IPHONEOS_DEPLOYMENT_TARGET = 13.5;
				LD_RUNPATH_SEARCH_PATHS = (
					"$(inherited)",
					"@executable_path/Frameworks",
					"@loader_path/Frameworks",
				);
				PRODUCT_BUNDLE_IDENTIFIER = "chison.com.HelloW-SwiftUITests";
				PRODUCT_NAME = "$(TARGET_NAME)";
				SWIFT_VERSION = 5.0;
				TARGETED_DEVICE_FAMILY = "1,2";
				TEST_HOST = "$(BUILT_PRODUCTS_DIR)/HelloW-SwiftUI.app/HelloW-SwiftUI";
			};
			name = Debug;
		};
		6BCCC02E24A9AE1F00BE6896 /* Release */ = {
			isa = XCBuildConfiguration;
			buildSettings = {
				ALWAYS_EMBED_SWIFT_STANDARD_LIBRARIES = YES;
				BUNDLE_LOADER = "$(TEST_HOST)";
				CODE_SIGN_STYLE = Automatic;
				DEVELOPMENT_TEAM = M6BPJJTWKQ;
				INFOPLIST_FILE = "HelloW-SwiftUITests/Info.plist";
				IPHONEOS_DEPLOYMENT_TARGET = 13.5;
				LD_RUNPATH_SEARCH_PATHS = (
					"$(inherited)",
					"@executable_path/Frameworks",
					"@loader_path/Frameworks",
				);
				PRODUCT_BUNDLE_IDENTIFIER = "chison.com.HelloW-SwiftUITests";
				PRODUCT_NAME = "$(TARGET_NAME)";
				SWIFT_VERSION = 5.0;
				TARGETED_DEVICE_FAMILY = "1,2";
				TEST_HOST = "$(BUILT_PRODUCTS_DIR)/HelloW-SwiftUI.app/HelloW-SwiftUI";
			};
			name = Release;
		};
		6BCCC03024A9AE1F00BE6896 /* Debug */ = {
			isa = XCBuildConfiguration;
			buildSettings = {
				ALWAYS_EMBED_SWIFT_STANDARD_LIBRARIES = YES;
				CODE_SIGN_STYLE = Automatic;
				DEVELOPMENT_TEAM = M6BPJJTWKQ;
				INFOPLIST_FILE = "HelloW-SwiftUIUITests/Info.plist";
				LD_RUNPATH_SEARCH_PATHS = (
					"$(inherited)",
					"@executable_path/Frameworks",
					"@loader_path/Frameworks",
				);
				PRODUCT_BUNDLE_IDENTIFIER = "chison.com.HelloW-SwiftUIUITests";
				PRODUCT_NAME = "$(TARGET_NAME)";
				SWIFT_VERSION = 5.0;
				TARGETED_DEVICE_FAMILY = "1,2";
				TEST_TARGET_NAME = "HelloW-SwiftUI";
			};
			name = Debug;
		};
		6BCCC03124A9AE1F00BE6896 /* Release */ = {
			isa = XCBuildConfiguration;
			buildSettings = {
				ALWAYS_EMBED_SWIFT_STANDARD_LIBRARIES = YES;
				CODE_SIGN_STYLE = Automatic;
				DEVELOPMENT_TEAM = M6BPJJTWKQ;
				INFOPLIST_FILE = "HelloW-SwiftUIUITests/Info.plist";
				LD_RUNPATH_SEARCH_PATHS = (
					"$(inherited)",
					"@executable_path/Frameworks",
					"@loader_path/Frameworks",
				);
				PRODUCT_BUNDLE_IDENTIFIER = "chison.com.HelloW-SwiftUIUITests";
				PRODUCT_NAME = "$(TARGET_NAME)";
				SWIFT_VERSION = 5.0;
				TARGETED_DEVICE_FAMILY = "1,2";
				TEST_TARGET_NAME = "HelloW-SwiftUI";
			};
			name = Release;
		};
/* End XCBuildConfiguration section */

/* Begin XCConfigurationList section */
		6BCCBFFA24A9AE1D00BE6896 /* Build configuration list for PBXProject "HelloW-SwiftUI" */ = {
			isa = XCConfigurationList;
			buildConfigurations = (
				6BCCC02724A9AE1F00BE6896 /* Debug */,
				6BCCC02824A9AE1F00BE6896 /* Release */,
			);
			defaultConfigurationIsVisible = 0;
			defaultConfigurationName = Release;
		};
		6BCCC02924A9AE1F00BE6896 /* Build configuration list for PBXNativeTarget "HelloW-SwiftUI" */ = {
			isa = XCConfigurationList;
			buildConfigurations = (
				6BCCC02A24A9AE1F00BE6896 /* Debug */,
				6BCCC02B24A9AE1F00BE6896 /* Release */,
			);
			defaultConfigurationIsVisible = 0;
			defaultConfigurationName = Release;
		};
		6BCCC02C24A9AE1F00BE6896 /* Build configuration list for PBXNativeTarget "HelloW-SwiftUITests" */ = {
			isa = XCConfigurationList;
			buildConfigurations = (
				6BCCC02D24A9AE1F00BE6896 /* Debug */,
				6BCCC02E24A9AE1F00BE6896 /* Release */,
			);
			defaultConfigurationIsVisible = 0;
			defaultConfigurationName = Release;
		};
		6BCCC02F24A9AE1F00BE6896 /* Build configuration list for PBXNativeTarget "HelloW-SwiftUIUITests" */ = {
			isa = XCConfigurationList;
			buildConfigurations = (
				6BCCC03024A9AE1F00BE6896 /* Debug */,
				6BCCC03124A9AE1F00BE6896 /* Release */,
			);
			defaultConfigurationIsVisible = 0;
			defaultConfigurationName = Release;
		};
/* End XCConfigurationList section */
	};
	rootObject = 6BCCBFF724A9AE1D00BE6896 /* Project object */;
}
